
Microsoft Visual Studio Solution File, Format Version 12.00
# Visual Studio Version 17
VisualStudioVersion = 17.14.36121.58 d17.14
MinimumVisualStudioVersion = 10.0.40219.1
Project("{FAE04EC0-301F-11D3-BF4B-00C04F79EFBC}") = "ConsoleAppAula001", "ConsoleAppAula001.csproj", "{1F678B3E-C1EF-42FC-AAAE-1212E1213B5C}"
EndProject
Project("{FAE04EC0-301F-11D3-BF4B-00C04F79EFBC}") = "ConsoleAppAula02", "..\ConsoleAppAula02\ConsoleAppAula02.csproj", "{8713F981-FE2F-438A-B424-BF281BABB799}"
EndProject
Global
	GlobalSection(SolutionConfigurationPlatforms) = preSolution
		Debug|Any CPU = Debug|Any CPU
		Release|Any CPU = Release|Any CPU
	EndGlobalSection
	GlobalSection(ProjectConfigurationPlatforms) = postSolution
		{1F678B3E-C1EF-42FC-AAAE-1212E1213B5C}.Debug|Any CPU.ActiveCfg = Debug|Any CPU
		{1F678B3E-C1EF-42FC-AAAE-1212E1213B5C}.Debug|Any CPU.Build.0 = Debug|Any CPU
		{1F678B3E-C1EF-42FC-AAAE-1212E1213B5C}.Release|Any CPU.ActiveCfg = Release|Any CPU
		{1F678B3E-C1EF-42FC-AAAE-1212E1213B5C}.Release|Any CPU.Build.0 = Release|Any CPU
		{8713F981-FE2F-438A-B424-BF281BABB799}.Debug|Any CPU.ActiveCfg = Debug|Any CPU
		{8713F981-FE2F-438A-B424-BF281BABB799}.Debug|Any CPU.Build.0 = Debug|Any CPU
		{8713F981-FE2F-438A-B424-BF281BABB799}.Release|Any CPU.ActiveCfg = Release|Any CPU
		{8713F981-FE2F-438A-B424-BF281BABB799}.Release|Any CPU.Build.0 = Release|Any CPU
	EndGlobalSection
	GlobalSection(SolutionProperties) = preSolution
		HideSolutionNode = FALSE
	EndGlobalSection
	GlobalSection(ExtensibilityGlobals) = postSolution
		SolutionGuid = {3171BBEE-D7BA-4D06-A64A-A5649939C0B7}
	EndGlobalSection
EndGlobal
